
Microsoft Visual Studio Solution File, Format Version 12.00
# Visual Studio Version 16
VisualStudioVersion = 16.0.810.14
MinimumVisualStudioVersion = 10.0.40219.1
Project("{FAE04EC0-301F-11D3-BF4B-00C04F79EFBC}") = "com.mapbox.mapboxsdk.mapbox-sdk-turf", "com.mapbox.mapboxsdk.mapbox-sdk-turf\com.mapbox.mapboxsdk.mapbox-sdk-turf.csproj", "{EEEBFE2C-52BE-4FF2-AAA6-C6B10D693B06}"
EndProject
Project("{FAE04EC0-301F-11D3-BF4B-00C04F79EFBC}") = "com.mapbox.mapboxsdk.mapbox-sdk-geojson", "com.mapbox.mapboxsdk.mapbox-sdk-geojson\com.mapbox.mapboxsdk.mapbox-sdk-geojson.csproj", "{F850ADD3-28C1-46DB-AFBC-EF47240D6004}"
EndProject
Project("{FAE04EC0-301F-11D3-BF4B-00C04F79EFBC}") = "com.mapbox.mapboxsdk.mapbox-android-telemetry", "com.mapbox.mapboxsdk.mapbox-android-telemetry\com.mapbox.mapboxsdk.mapbox-android-telemetry.csproj", "{CEEC48A8-52E0-4C74-AE70-9C66319ED344}"
EndProject
Project("{FAE04EC0-301F-11D3-BF4B-00C04F79EFBC}") = "com.mapbox.mapboxsdk.mapbox-android-sdk", "com.mapbox.mapboxsdk.mapbox-android-sdk\com.mapbox.mapboxsdk.mapbox-android-sdk.csproj", "{0F3F5598-6F66-4CDC-B41D-354B0495CEC8}"
EndProject
Project("{FAE04EC0-301F-11D3-BF4B-00C04F79EFBC}") = "com.mapbox.mapboxsdk.mapbox-android-gestures", "com.mapbox.mapboxsdk.mapbox-android-gestures\com.mapbox.mapboxsdk.mapbox-android-gestures.csproj", "{3507B359-08CF-4D82-8CF6-979976C7F840}"
EndProject
Project("{FAE04EC0-301F-11D3-BF4B-00C04F79EFBC}") = "com.mapbox.mapboxsdk.mapbox-android-core", "com.mapbox.mapboxsdk.mapbox-android-core\com.mapbox.mapboxsdk.mapbox-android-core.csproj", "{9A5C4703-3D5A-4FCB-BDC7-422BDE645157}"
EndProject
Project("{FAE04EC0-301F-11D3-BF4B-00C04F79EFBC}") = "com.mapbox.mapboxsdk.mapbox-android-accounts", "com.mapbox.mapboxsdk.mapbox-android-accounts\com.mapbox.mapboxsdk.mapbox-android-accounts.csproj", "{10CEE859-93C2-4C85-9D8A-655533DEB0D0}"
EndProject
Project("{FAE04EC0-301F-11D3-BF4B-00C04F79EFBC}") = "com.mapbox.mapboxsdk.mapbox-android-plugin-annotation", "com.mapbox.mapboxsdk.mapbox-android-plugin-annotation\com.mapbox.mapboxsdk.mapbox-android-plugin-annotation.csproj", "{A7F8DF60-C0CC-4C23-A1D4-977D04227A73}"
EndProject
Project("{FAE04EC0-301F-11D3-BF4B-00C04F79EFBC}") = "com.mapbox.mapboxsdk.mapbox-android-plugin-building", "com.mapbox.mapboxsdk.mapbox-android-plugin-building\com.mapbox.mapboxsdk.mapbox-android-plugin-building.csproj", "{7D5ABFD1-724C-44BE-A7C5-9943C6671AE1}"
EndProject
Project("{FAE04EC0-301F-11D3-BF4B-00C04F79EFBC}") = "com.mapbox.mapboxsdk.mapbox-android-plugin-traffic", "com.mapbox.mapboxsdk.mapbox-android-plugin-traffic\com.mapbox.mapboxsdk.mapbox-android-plugin-traffic.csproj", "{C8684847-2641-409C-A859-7CB952558AE9}"
EndProject
Project("{FAE04EC0-301F-11D3-BF4B-00C04F79EFBC}") = "com.mapbox.mapboxsdk.mapbox-android-sdk-gl-core", "com.mapbox.mapboxsdk.mapbox-android-sdk-gl-core\com.mapbox.mapboxsdk.mapbox-android-sdk-gl-core.csproj", "{1621A511-5CB6-49F6-8142-532ACBC7E8D1}"
EndProject
Global
	GlobalSection(SolutionConfigurationPlatforms) = preSolution
		Debug|Any CPU = Debug|Any CPU
		Release|Any CPU = Release|Any CPU
	EndGlobalSection
	GlobalSection(ProjectConfigurationPlatforms) = postSolution
		{EEEBFE2C-52BE-4FF2-AAA6-C6B10D693B06}.Debug|Any CPU.ActiveCfg = Debug|Any CPU
		{EEEBFE2C-52BE-4FF2-AAA6-C6B10D693B06}.Debug|Any CPU.Build.0 = Debug|Any CPU
		{EEEBFE2C-52BE-4FF2-AAA6-C6B10D693B06}.Release|Any CPU.ActiveCfg = Release|Any CPU
		{EEEBFE2C-52BE-4FF2-AAA6-C6B10D693B06}.Release|Any CPU.Build.0 = Release|Any CPU
		{F850ADD3-28C1-46DB-AFBC-EF47240D6004}.Debug|Any CPU.ActiveCfg = Debug|Any CPU
		{F850ADD3-28C1-46DB-AFBC-EF47240D6004}.Debug|Any CPU.Build.0 = Debug|Any CPU
		{F850ADD3-28C1-46DB-AFBC-EF47240D6004}.Release|Any CPU.ActiveCfg = Release|Any CPU
		{F850ADD3-28C1-46DB-AFBC-EF47240D6004}.Release|Any CPU.Build.0 = Release|Any CPU
		{CEEC48A8-52E0-4C74-AE70-9C66319ED344}.Debug|Any CPU.ActiveCfg = Debug|Any CPU
		{CEEC48A8-52E0-4C74-AE70-9C66319ED344}.Debug|Any CPU.Build.0 = Debug|Any CPU
		{CEEC48A8-52E0-4C74-AE70-9C66319ED344}.Release|Any CPU.ActiveCfg = Release|Any CPU
		{CEEC48A8-52E0-4C74-AE70-9C66319ED344}.Release|Any CPU.Build.0 = Release|Any CPU
		{0F3F5598-6F66-4CDC-B41D-354B0495CEC8}.Debug|Any CPU.ActiveCfg = Debug|Any CPU
		{0F3F5598-6F66-4CDC-B41D-354B0495CEC8}.Debug|Any CPU.Build.0 = Debug|Any CPU
		{0F3F5598-6F66-4CDC-B41D-354B0495CEC8}.Release|Any CPU.ActiveCfg = Release|Any CPU
		{0F3F5598-6F66-4CDC-B41D-354B0495CEC8}.Release|Any CPU.Build.0 = Release|Any CPU
		{3507B359-08CF-4D82-8CF6-979976C7F840}.Debug|Any CPU.ActiveCfg = Debug|Any CPU
		{3507B359-08CF-4D82-8CF6-979976C7F840}.Debug|Any CPU.Build.0 = Debug|Any CPU
		{3507B359-08CF-4D82-8CF6-979976C7F840}.Release|Any CPU.ActiveCfg = Release|Any CPU
		{3507B359-08CF-4D82-8CF6-979976C7F840}.Release|Any CPU.Build.0 = Release|Any CPU
		{9A5C4703-3D5A-4FCB-BDC7-422BDE645157}.Debug|Any CPU.ActiveCfg = Debug|Any CPU
		{9A5C4703-3D5A-4FCB-BDC7-422BDE645157}.Debug|Any CPU.Build.0 = Debug|Any CPU
		{9A5C4703-3D5A-4FCB-BDC7-422BDE645157}.Release|Any CPU.ActiveCfg = Release|Any CPU
		{9A5C4703-3D5A-4FCB-BDC7-422BDE645157}.Release|Any CPU.Build.0 = Release|Any CPU
		{10CEE859-93C2-4C85-9D8A-655533DEB0D0}.Debug|Any CPU.ActiveCfg = Debug|Any CPU
		{10CEE859-93C2-4C85-9D8A-655533DEB0D0}.Debug|Any CPU.Build.0 = Debug|Any CPU
		{10CEE859-93C2-4C85-9D8A-655533DEB0D0}.Release|Any CPU.ActiveCfg = Release|Any CPU
		{10CEE859-93C2-4C85-9D8A-655533DEB0D0}.Release|Any CPU.Build.0 = Release|Any CPU
		{A7F8DF60-C0CC-4C23-A1D4-977D04227A73}.Debug|Any CPU.ActiveCfg = Debug|Any CPU
		{A7F8DF60-C0CC-4C23-A1D4-977D04227A73}.Debug|Any CPU.Build.0 = Debug|Any CPU
		{A7F8DF60-C0CC-4C23-A1D4-977D04227A73}.Release|Any CPU.ActiveCfg = Release|Any CPU
		{A7F8DF60-C0CC-4C23-A1D4-977D04227A73}.Release|Any CPU.Build.0 = Release|Any CPU
		{7D5ABFD1-724C-44BE-A7C5-9943C6671AE1}.Debug|Any CPU.ActiveCfg = Debug|Any CPU
		{7D5ABFD1-724C-44BE-A7C5-9943C6671AE1}.Debug|Any CPU.Build.0 = Debug|Any CPU
		{7D5ABFD1-724C-44BE-A7C5-9943C6671AE1}.Release|Any CPU.ActiveCfg = Release|Any CPU
		{7D5ABFD1-724C-44BE-A7C5-9943C6671AE1}.Release|Any CPU.Build.0 = Release|Any CPU
		{C8684847-2641-409C-A859-7CB952558AE9}.Debug|Any CPU.ActiveCfg = Debug|Any CPU
		{C8684847-2641-409C-A859-7CB952558AE9}.Debug|Any CPU.Build.0 = Debug|Any CPU
		{C8684847-2641-409C-A859-7CB952558AE9}.Release|Any CPU.ActiveCfg = Release|Any CPU
		{C8684847-2641-409C-A859-7CB952558AE9}.Release|Any CPU.Build.0 = Release|Any CPU
		{1621A511-5CB6-49F6-8142-532ACBC7E8D1}.Debug|Any CPU.ActiveCfg = Debug|Any CPU
		{1621A511-5CB6-49F6-8142-532ACBC7E8D1}.Debug|Any CPU.Build.0 = Debug|Any CPU
		{1621A511-5CB6-49F6-8142-532ACBC7E8D1}.Release|Any CPU.ActiveCfg = Release|Any CPU
		{1621A511-5CB6-49F6-8142-532ACBC7E8D1}.Release|Any CPU.Build.0 = Release|Any CPU
	EndGlobalSection
	GlobalSection(SolutionProperties) = preSolution
		HideSolutionNode = FALSE
	EndGlobalSection
	GlobalSection(ExtensibilityGlobals) = postSolution
		SolutionGuid = {F35156E2-D441-4D9D-ADF9-AB88E4D2EF94}
	EndGlobalSection
EndGlobal
